
Microsoft Visual Studio Solution File, Format Version 12.00
# Visual Studio Version 16
VisualStudioVersion = 16.0.31205.134
MinimumVisualStudioVersion = 10.0.40219.1
Project("{8BC9CEB8-8B4A-11D0-8D11-00A0C91BC942}") = "test2", "test2\test2.vcxproj", "{43288054-4EBF-4798-B7C9-47999ABFAD9F}"
EndProject
Global
	GlobalSection(SolutionConfigurationPlatforms) = preSolution
		Debug|x64 = Debug|x64
		Debug|x86 = Debug|x86
		Release|x64 = Release|x64
		Release|x86 = Release|x86
	EndGlobalSection
	GlobalSection(ProjectConfigurationPlatforms) = postSolution
		{43288054-4EBF-4798-B7C9-47999ABFAD9F}.Debug|x64.ActiveCfg = Debug|x64
		{43288054-4EBF-4798-B7C9-47999ABFAD9F}.Debug|x64.Build.0 = Debug|x64
		{43288054-4EBF-4798-B7C9-47999ABFAD9F}.Debug|x86.ActiveCfg = Debug|Win32
		{43288054-4EBF-4798-B7C9-47999ABFAD9F}.Debug|x86.Build.0 = Debug|Win32
		{43288054-4EBF-4798-B7C9-47999ABFAD9F}.Release|x64.ActiveCfg = Release|x64
		{43288054-4EBF-4798-B7C9-47999ABFAD9F}.Release|x64.Build.0 = Release|x64
		{43288054-4EBF-4798-B7C9-47999ABFAD9F}.Release|x86.ActiveCfg = Release|Win32
		{43288054-4EBF-4798-B7C9-47999ABFAD9F}.Release|x86.Build.0 = Release|Win32
	EndGlobalSection
	GlobalSection(SolutionProperties) = preSolution
		HideSolutionNode = FALSE
	EndGlobalSection
	GlobalSection(ExtensibilityGlobals) = postSolution
		SolutionGuid = {054545E9-79CC-49DC-8FD9-E50CC7F82F7B}
	EndGlobalSection
EndGlobal
